<?xml version="1.0" encoding="UTF-8" standalone="yes" ?>
<CodeBlocks_project_file>
	<FileVersion major="1" minor="6" />
	<Project>
		<Option title="main_v3" />
		<Option pch_mode="2" />
		<Option compiler="gcc" />
		<Build>
			<Target title="Debug">
				<Option output="bin/Debug/main_v3" prefix_auto="1" extension_auto="1" />
				<Option object_output="obj/Debug/" />
				<Option type="1" />
				<Option compiler="gcc" />
				<Compiler>
					<Add option="-g" />
				</Compiler>
			</Target>
			<Target title="Release">
				<Option output="bin/Release/main_v3" prefix_auto="1" extension_auto="1" />
				<Option object_output="obj/Release/" />
				<Option type="1" />
				<Option compiler="gcc" />
				<Compiler>
					<Add option="-O2" />
				</Compiler>
				<Linker>
					<Add option="-s" />
				</Linker>
			</Target>
		</Build>
		<Compiler>
			<Add option="-Wall" />
			<Add option="-std=c++1z" />
			<Add option="-fexceptions" />
			<Add option="`pkg-config --cflags gtkmm-3.0`" />
			<Add directory="include" />
			<Add directory="src" />
		</Compiler>
		<Linker>
			<Add option="-pthread" />
			<Add option="-Wall" />
			<Add option="-lwiringPi" />
			<Add option="`pkg-config --libs libcurl`" />
			<Add option="`pkg-config --libs gtkmm-3.0`" />
			<Add option="`pkg-config --libs libconfig++`" />
			<Add option="`pkg-config --libs sqlite3`" />
			<Add option="-lsqlite3" />
		</Linker>
		<Unit filename="bottling.cpp">
			<Option compile="0" />
			<Option target="&lt;{~None~}&gt;" />
		</Unit>
		<Unit filename="bottling.hpp" />
		<Unit filename="coincounter.cpp">
			<Option compile="0" />
			<Option target="&lt;{~None~}&gt;" />
		</Unit>
		<Unit filename="coincounter.hpp" />
		<Unit filename="cron.cpp">
			<Option compile="0" />
			<Option link="0" />
		</Unit>
		<Unit filename="cron.hpp" />
		<Unit filename="db.cpp">
			<Option compile="0" />
			<Option target="&lt;{~None~}&gt;" />
		</Unit>
		<Unit filename="db.hpp">
			<Option target="&lt;{~None~}&gt;" />
		</Unit>
		<Unit filename="include/GUI.h" />
		<Unit filename="include/cMaintenance.h" />
		<Unit filename="include/cRun.h" />
		<Unit filename="include/cStandby.h" />
		<Unit filename="main.cpp" />
		<Unit filename="main.hpp" />
		<Unit filename="src/GUI.cpp">
			<Option compile="0" />
			<Option target="&lt;{~None~}&gt;" />
		</Unit>
		<Unit filename="src/cMaintenance.cpp">
			<Option compile="0" />
			<Option link="0" />
		</Unit>
		<Unit filename="src/cRun.cpp">
			<Option compile="0" />
			<Option target="&lt;{~None~}&gt;" />
		</Unit>
		<Unit filename="src/cStandby.cpp">
			<Option compile="0" />
			<Option target="&lt;{~None~}&gt;" />
		</Unit>
		<Extensions>
			<code_completion />
			<debugger />
		</Extensions>
	</Project>
</CodeBlocks_project_file>
